
Microsoft Visual Studio Solution File, Format Version 12.00
# Visual Studio Version 16
VisualStudioVersion = 16.0.30413.136
MinimumVisualStudioVersion = 10.0.40219.1
Project("{FAE04EC0-301F-11D3-BF4B-00C04F79EFBC}") = "WindowsFormsApp1", "WindowsFormsApp1\WindowsFormsApp1.csproj", "{CE1560F5-F4E5-4B91-B42D-4F6A7626035B}"
EndProject
Global
	GlobalSection(SolutionConfigurationPlatforms) = preSolution
		Debug|Any CPU = Debug|Any CPU
		Release|Any CPU = Release|Any CPU
	EndGlobalSection
	GlobalSection(ProjectConfigurationPlatforms) = postSolution
		{CE1560F5-F4E5-4B91-B42D-4F6A7626035B}.Debug|Any CPU.ActiveCfg = Debug|Any CPU
		{CE1560F5-F4E5-4B91-B42D-4F6A7626035B}.Debug|Any CPU.Build.0 = Debug|Any CPU
		{CE1560F5-F4E5-4B91-B42D-4F6A7626035B}.Release|Any CPU.ActiveCfg = Release|Any CPU
		{CE1560F5-F4E5-4B91-B42D-4F6A7626035B}.Release|Any CPU.Build.0 = Release|Any CPU
	EndGlobalSection
	GlobalSection(SolutionProperties) = preSolution
		HideSolutionNode = FALSE
	EndGlobalSection
	GlobalSection(ExtensibilityGlobals) = postSolution
		SolutionGuid = {887D86FE-0D5C-43FE-891B-F73BEBFEDDB8}
	EndGlobalSection
EndGlobal
